{
    "_readme": [
        "This file locks the dependencies of your project to a known state",
        "Read more about it at http://getcomposer.org/doc/01-basic-usage.md#composer-lock-the-lock-file"
    ],
    "hash": "d7df0c369729bbc3c059009652d790ed",
    "packages": [
        {
            "name": "phpixie/auth",
            "version": "dev-master",
            "source": {
                "type": "git",
                "url": "https://github.com/dracony/PHPixie-Auth.git",
                "reference": "4ad10a65f4f888e631e7ebe3f9f52d60734ebfa0"
            },
            "dist": {
                "type": "zip",
                "url": "https://api.github.com/repos/dracony/PHPixie-Auth/zipball/4ad10a65f4f888e631e7ebe3f9f52d60734ebfa0",
                "reference": "4ad10a65f4f888e631e7ebe3f9f52d60734ebfa0",
                "shasum": ""
            },
            "require": {
                "phpixie/orm": "2.*@dev"
            },
            "type": "library",
            "extra": {
                "branch-alias": {
                    "dev-master": "2.x-dev"
                }
            },
            "autoload": {
                "psr-0": {
                    "PHPixie": "classes/"
                }
            },
            "notification-url": "https://packagist.org/downloads/",
            "license": [
                "BSD"
            ],
            "authors": [
                {
                    "name": "Roman Tsiupa",
                    "email": "draconyster@gmail.com",
                    "homepage": "http://dracony.org"
                }
            ],
            "description": "PHPixie Auth library",
            "homepage": "http://phpixie.com",
            "keywords": [
                "Authentication",
                "authorization",
                "facebook"
            ],
            "time": "2014-04-08 14:40:46"
        },
        {
            "name": "phpixie/core",
            "version": "dev-master",
            "source": {
                "type": "git",
                "url": "https://github.com/dracony/PHPixie-Core.git",
                "reference": "18098764384057c94639a587c1f393dfeb3ef5ce"
            },
            "dist": {
                "type": "zip",
                "url": "https://api.github.com/repos/dracony/PHPixie-Core/zipball/18098764384057c94639a587c1f393dfeb3ef5ce",
                "reference": "18098764384057c94639a587c1f393dfeb3ef5ce",
                "shasum": ""
            },
            "require": {
                "php": ">=5.3.0"
            },
            "type": "library",
            "extra": {
                "branch-alias": {
                    "dev-master": "2.*-dev"
                }
            },
            "autoload": {
                "psr-0": {
                    "PHPixie": "classes/"
                }
            },
            "notification-url": "https://packagist.org/downloads/",
            "license": [
                "BSD"
            ],
            "authors": [
                {
                    "name": "Roman Tsiupa",
                    "email": "draconyster@gmail.com",
                    "homepage": "http://dracony.org"
                }
            ],
            "description": "PHPixie Framework",
            "homepage": "http://phpixie.com",
            "keywords": [
                "framework"
            ],
            "time": "2014-06-18 15:44:08"
        },
        {
            "name": "phpixie/db",
            "version": "dev-master",
            "source": {
                "type": "git",
                "url": "https://github.com/dracony/PHPixie-DB.git",
                "reference": "67a5f61e1cc9887fdd39a864c5ce56e1b8737009"
            },
            "dist": {
                "type": "zip",
                "url": "https://api.github.com/repos/dracony/PHPixie-DB/zipball/67a5f61e1cc9887fdd39a864c5ce56e1b8737009",
                "reference": "67a5f61e1cc9887fdd39a864c5ce56e1b8737009",
                "shasum": ""
            },
            "require": {
                "phpixie/core": "2.*@dev"
            },
            "type": "library",
            "extra": {
                "branch-alias": {
                    "dev-master": "2.x-dev"
                }
            },
            "autoload": {
                "psr-0": {
                    "PHPixie": "classes/"
                }
            },
            "notification-url": "https://packagist.org/downloads/",
            "license": [
                "BSD"
            ],
            "authors": [
                {
                    "name": "Roman Tsiupa",
                    "email": "draconyster@gmail.com",
                    "homepage": "http://dracony.org"
                }
            ],
            "description": "PHPixie Database library",
            "homepage": "http://phpixie.com",
            "keywords": [
                "database",
                "mysql",
                "postgresql",
                "sqlite"
            ],
            "time": "2014-05-21 13:21:05"
        },
        {
            "name": "phpixie/orm",
            "version": "dev-master",
            "source": {
                "type": "git",
                "url": "https://github.com/dracony/PHPixie-ORM.git",
                "reference": "026af58ba5871e0eac526bfc294b4f7b0233b6d9"
            },
            "dist": {
                "type": "zip",
                "url": "https://api.github.com/repos/dracony/PHPixie-ORM/zipball/026af58ba5871e0eac526bfc294b4f7b0233b6d9",
                "reference": "026af58ba5871e0eac526bfc294b4f7b0233b6d9",
                "shasum": ""
            },
            "require": {
                "phpixie/db": "2.*@dev"
            },
            "type": "library",
            "extra": {
                "branch-alias": {
                    "dev-master": "2.x-dev"
                }
            },
            "autoload": {
                "psr-0": {
                    "PHPixie": "classes/"
                }
            },
            "notification-url": "https://packagist.org/downloads/",
            "license": [
                "BSD"
            ],
            "authors": [
                {
                    "name": "Roman Tsiupa",
                    "email": "draconyster@gmail.com",
                    "homepage": "http://dracony.org"
                }
            ],
            "description": "ORM library for PHPixie",
            "homepage": "http://phpixie.com",
            "keywords": [
                "database",
                "orm"
            ],
            "time": "2014-05-22 00:42:52"
        },
        {
            "name": "phpixie/validate",
            "version": "dev-master",
            "source": {
                "type": "git",
                "url": "https://github.com/dracony/PHPixie-validate.git",
                "reference": "9058fa98fca678a97efeb1cef313d002cd010153"
            },
            "dist": {
                "type": "zip",
                "url": "https://api.github.com/repos/dracony/PHPixie-validate/zipball/9058fa98fca678a97efeb1cef313d002cd010153",
                "reference": "9058fa98fca678a97efeb1cef313d002cd010153",
                "shasum": ""
            },
            "require": {
                "phpixie/core": "2.*@dev"
            },
            "type": "library",
            "extra": {
                "branch-alias": {
                    "dev-master": "2.x-dev"
                }
            },
            "autoload": {
                "psr-0": {
                    "PHPixie": "classes/"
                }
            },
            "notification-url": "https://packagist.org/downloads/",
            "license": [
                "BSD"
            ],
            "authors": [
                {
                    "name": "Roman Tsiupa",
                    "email": "draconyster@gmail.com",
                    "homepage": "http://dracony.org"
                }
            ],
            "description": "Validation library for PHPixie",
            "homepage": "http://phpixie.com",
            "keywords": [
                "validate"
            ],
            "time": "2013-10-01 15:35:47"
        }
    ],
    "packages-dev": [

    ],
    "aliases": [

    ],
    "minimum-stability": "stable",
    "stability-flags": {
        "phpixie/core": 20,
        "phpixie/db": 20,
        "phpixie/orm": 20,
        "phpixie/auth": 20,
        "phpixie/validate": 20
    },
    "platform": [

    ],
    "platform-dev": [

    ]
}
